
Microsoft Visual Studio Solution File, Format Version 12.00
# Visual Studio 15
VisualStudioVersion = 15.0.27130.2020
MinimumVisualStudioVersion = 10.0.40219.1
Project("{9A19103F-16F7-4668-BE54-9A1E7A4F7556}") = "SportsStore", "SportsStore\SportsStore.csproj", "{30638F4A-01DE-4835-AFC9-7FD0C340D363}"
EndProject
Global
	GlobalSection(SolutionConfigurationPlatforms) = preSolution
		Debug|Any CPU = Debug|Any CPU
		Release|Any CPU = Release|Any CPU
	EndGlobalSection
	GlobalSection(ProjectConfigurationPlatforms) = postSolution
		{30638F4A-01DE-4835-AFC9-7FD0C340D363}.Debug|Any CPU.ActiveCfg = Debug|Any CPU
		{30638F4A-01DE-4835-AFC9-7FD0C340D363}.Debug|Any CPU.Build.0 = Debug|Any CPU
		{30638F4A-01DE-4835-AFC9-7FD0C340D363}.Release|Any CPU.ActiveCfg = Release|Any CPU
		{30638F4A-01DE-4835-AFC9-7FD0C340D363}.Release|Any CPU.Build.0 = Release|Any CPU
	EndGlobalSection
	GlobalSection(SolutionProperties) = preSolution
		HideSolutionNode = FALSE
	EndGlobalSection
	GlobalSection(ExtensibilityGlobals) = postSolution
		SolutionGuid = {D8BCFF2B-9892-487B-97C3-341239AA7FB0}
	EndGlobalSection
EndGlobal
